
Microsoft Visual Studio Solution File, Format Version 12.00
# Visual Studio Version 16
VisualStudioVersion = 16.0.30804.86
MinimumVisualStudioVersion = 10.0.40219.1
Project("{9A19103F-16F7-4668-BE54-9A1E7A4F7556}") = "Atom.ImageProcessor.Service", "Atom.ImageProcessor.Service\Atom.ImageProcessor.Service.csproj", "{608DFAD0-34F7-4DB6-8CF9-069EA09DE9D2}"
EndProject
Project("{9A19103F-16F7-4668-BE54-9A1E7A4F7556}") = "Atom.ImageProcessor.Api", "Atom.ImageProcessor.Api\Atom.ImageProcessor.Api.csproj", "{34DCC02F-B9CB-44CC-A032-529497E8D401}"
EndProject
Project("{2150E333-8FDC-42A3-9474-1A3956D46DE8}") = ".Readme", ".Readme", "{A799CC00-36E3-49A8-B67F-E62DD58683E0}"
	ProjectSection(SolutionItems) = preProject
		..\readme.md = ..\readme.md
	EndProjectSection
EndProject
Project("{FAE04EC0-301F-11D3-BF4B-00C04F79EFBC}") = "Atom.ImageProcessor.Tests", "Atom.ImageProcessor.Tests\Atom.ImageProcessor.Tests.csproj", "{DCDB8E54-30D1-4BCB-9793-E7DBA51F16F6}"
EndProject
Global
	GlobalSection(SolutionConfigurationPlatforms) = preSolution
		Debug|Any CPU = Debug|Any CPU
		Release|Any CPU = Release|Any CPU
	EndGlobalSection
	GlobalSection(ProjectConfigurationPlatforms) = postSolution
		{608DFAD0-34F7-4DB6-8CF9-069EA09DE9D2}.Debug|Any CPU.ActiveCfg = Debug|Any CPU
		{608DFAD0-34F7-4DB6-8CF9-069EA09DE9D2}.Debug|Any CPU.Build.0 = Debug|Any CPU
		{608DFAD0-34F7-4DB6-8CF9-069EA09DE9D2}.Release|Any CPU.ActiveCfg = Release|Any CPU
		{608DFAD0-34F7-4DB6-8CF9-069EA09DE9D2}.Release|Any CPU.Build.0 = Release|Any CPU
		{34DCC02F-B9CB-44CC-A032-529497E8D401}.Debug|Any CPU.ActiveCfg = Debug|Any CPU
		{34DCC02F-B9CB-44CC-A032-529497E8D401}.Debug|Any CPU.Build.0 = Debug|Any CPU
		{34DCC02F-B9CB-44CC-A032-529497E8D401}.Release|Any CPU.ActiveCfg = Release|Any CPU
		{34DCC02F-B9CB-44CC-A032-529497E8D401}.Release|Any CPU.Build.0 = Release|Any CPU
		{DCDB8E54-30D1-4BCB-9793-E7DBA51F16F6}.Debug|Any CPU.ActiveCfg = Debug|Any CPU
		{DCDB8E54-30D1-4BCB-9793-E7DBA51F16F6}.Debug|Any CPU.Build.0 = Debug|Any CPU
		{DCDB8E54-30D1-4BCB-9793-E7DBA51F16F6}.Release|Any CPU.ActiveCfg = Release|Any CPU
		{DCDB8E54-30D1-4BCB-9793-E7DBA51F16F6}.Release|Any CPU.Build.0 = Release|Any CPU
	EndGlobalSection
	GlobalSection(SolutionProperties) = preSolution
		HideSolutionNode = FALSE
	EndGlobalSection
	GlobalSection(ExtensibilityGlobals) = postSolution
		SolutionGuid = {5C9C4C8C-60C8-4266-B56E-8273EFF87BB5}
	EndGlobalSection
EndGlobal
